
Microsoft Visual Studio Solution File, Format Version 12.00
# Visual Studio Version 17
VisualStudioVersion = 17.0.31903.59
MinimumVisualStudioVersion = 10.0.40219.1
Project("{FAE04EC0-301F-11D3-BF4B-00C04F79EFBC}") = "PR_Reviewer", "PR_Reviewer.csproj", "{5224204A-4598-4C75-9795-CA25F6B938CF}"
EndProject
Project("{2150E333-8FDC-42A3-9474-1A3956D46DE8}") = "tests", "tests", "{0AB3BF05-4346-4AA6-1389-037BE0695223}"
EndProject
Project("{FAE04EC0-301F-11D3-BF4B-00C04F79EFBC}") = "PrReviewer.Tests", "tests\PrReviewer.Tests\PrReviewer.Tests.csproj", "{6C1AEADF-BB55-45CE-B02D-350F73F469F3}"
EndProject
Global
	GlobalSection(SolutionConfigurationPlatforms) = preSolution
		Debug|Any CPU = Debug|Any CPU
		Debug|x64 = Debug|x64
		Debug|x86 = Debug|x86
		Release|Any CPU = Release|Any CPU
		Release|x64 = Release|x64
		Release|x86 = Release|x86
	EndGlobalSection
	GlobalSection(ProjectConfigurationPlatforms) = postSolution
		{5224204A-4598-4C75-9795-CA25F6B938CF}.Debug|Any CPU.ActiveCfg = Debug|Any CPU
		{5224204A-4598-4C75-9795-CA25F6B938CF}.Debug|Any CPU.Build.0 = Debug|Any CPU
		{5224204A-4598-4C75-9795-CA25F6B938CF}.Debug|x64.ActiveCfg = Debug|Any CPU
		{5224204A-4598-4C75-9795-CA25F6B938CF}.Debug|x64.Build.0 = Debug|Any CPU
		{5224204A-4598-4C75-9795-CA25F6B938CF}.Debug|x86.ActiveCfg = Debug|Any CPU
		{5224204A-4598-4C75-9795-CA25F6B938CF}.Debug|x86.Build.0 = Debug|Any CPU
		{5224204A-4598-4C75-9795-CA25F6B938CF}.Release|Any CPU.ActiveCfg = Release|Any CPU
		{5224204A-4598-4C75-9795-CA25F6B938CF}.Release|Any CPU.Build.0 = Release|Any CPU
		{5224204A-4598-4C75-9795-CA25F6B938CF}.Release|x64.ActiveCfg = Release|Any CPU
		{5224204A-4598-4C75-9795-CA25F6B938CF}.Release|x64.Build.0 = Release|Any CPU
		{5224204A-4598-4C75-9795-CA25F6B938CF}.Release|x86.ActiveCfg = Release|Any CPU
		{5224204A-4598-4C75-9795-CA25F6B938CF}.Release|x86.Build.0 = Release|Any CPU
		{6C1AEADF-BB55-45CE-B02D-350F73F469F3}.Debug|Any CPU.ActiveCfg = Debug|Any CPU
		{6C1AEADF-BB55-45CE-B02D-350F73F469F3}.Debug|Any CPU.Build.0 = Debug|Any CPU
		{6C1AEADF-BB55-45CE-B02D-350F73F469F3}.Debug|x64.ActiveCfg = Debug|Any CPU
		{6C1AEADF-BB55-45CE-B02D-350F73F469F3}.Debug|x64.Build.0 = Debug|Any CPU
		{6C1AEADF-BB55-45CE-B02D-350F73F469F3}.Debug|x86.ActiveCfg = Debug|Any CPU
		{6C1AEADF-BB55-45CE-B02D-350F73F469F3}.Debug|x86.Build.0 = Debug|Any CPU
		{6C1AEADF-BB55-45CE-B02D-350F73F469F3}.Release|Any CPU.ActiveCfg = Release|Any CPU
		{6C1AEADF-BB55-45CE-B02D-350F73F469F3}.Release|Any CPU.Build.0 = Release|Any CPU
		{6C1AEADF-BB55-45CE-B02D-350F73F469F3}.Release|x64.ActiveCfg = Release|Any CPU
		{6C1AEADF-BB55-45CE-B02D-350F73F469F3}.Release|x64.Build.0 = Release|Any CPU
		{6C1AEADF-BB55-45CE-B02D-350F73F469F3}.Release|x86.ActiveCfg = Release|Any CPU
		{6C1AEADF-BB55-45CE-B02D-350F73F469F3}.Release|x86.Build.0 = Release|Any CPU
	EndGlobalSection
	GlobalSection(SolutionProperties) = preSolution
		HideSolutionNode = FALSE
	EndGlobalSection
	GlobalSection(NestedProjects) = preSolution
		{6C1AEADF-BB55-45CE-B02D-350F73F469F3} = {0AB3BF05-4346-4AA6-1389-037BE0695223}
	EndGlobalSection
EndGlobal
